
Microsoft Visual Studio Solution File, Format Version 12.00
# Visual Studio 15
VisualStudioVersion = 15.0.28307.705
MinimumVisualStudioVersion = 10.0.40219.1
Project("{888888A0-9F3D-457C-B088-3A5042F75D52}") = "UserManagement", "UserManager\UserManagement.pyproj", "{46C0F9D6-8F7B-489F-BB7B-5D74E40AD458}"
EndProject
Global
	GlobalSection(SolutionConfigurationPlatforms) = preSolution
		Debug|Any CPU = Debug|Any CPU
		Release|Any CPU = Release|Any CPU
	EndGlobalSection
	GlobalSection(ProjectConfigurationPlatforms) = postSolution
		{46C0F9D6-8F7B-489F-BB7B-5D74E40AD458}.Debug|Any CPU.ActiveCfg = Debug|Any CPU
		{46C0F9D6-8F7B-489F-BB7B-5D74E40AD458}.Release|Any CPU.ActiveCfg = Release|Any CPU
	EndGlobalSection
	GlobalSection(SolutionProperties) = preSolution
		HideSolutionNode = FALSE
	EndGlobalSection
	GlobalSection(ExtensibilityGlobals) = postSolution
		SolutionGuid = {2E42B8BE-C30A-420D-9328-8829C04A9DD9}
	EndGlobalSection
EndGlobal
